dependencies:
- name: compose-post-service
  repository: ""
  version: 0.1.0
- name: home-timeline-redis
  repository: ""
  version: 0.1.0
- name: home-timeline-service
  repository: ""
  version: 0.1.0
- name: jaeger
  repository: https://jaegertracing.github.io/helm-charts
  version: 3.4.0
- name: media-service
  repository: ""
  version: 0.1.0
- name: media-mongodb
  repository: ""
  version: 0.1.0
- name: media-memcached
  repository: ""
  version: 0.1.0
- name: media-frontend
  repository: ""
  version: 0.1.0
- name: nginx-thrift
  repository: ""
  version: 0.1.0
- name: post-storage-memcached
  repository: ""
  version: 0.1.0
- name: post-storage-mongodb
  repository: ""
  version: 0.1.0
- name: post-storage-service
  repository: ""
  version: 0.1.0
- name: social-graph-mongodb
  repository: ""
  version: 0.1.0
- name: social-graph-redis
  repository: ""
  version: 0.1.0
- name: social-graph-service
  repository: ""
  version: 0.1.0
- name: text-service
  repository: ""
  version: 0.1.0
- name: unique-id-service
  repository: ""
  version: 0.1.0
- name: url-shorten-memcached
  repository: ""
  version: 0.1.0
- name: url-shorten-mongodb
  repository: ""
  version: 0.1.0
- name: url-shorten-service
  repository: ""
  version: 0.1.0
- name: user-memcached
  repository: ""
  version: 0.1.0
- name: user-mention-service
  repository: ""
  version: 0.1.0
- name: user-mongodb
  repository: ""
  version: 0.1.0
- name: user-service
  repository: ""
  version: 0.1.0
- name: user-timeline-mongodb
  repository: ""
  version: 0.1.0
- name: user-timeline-redis
  repository: ""
  version: 0.1.0
- name: user-timeline-service
  repository: ""
  version: 0.1.0
- name: mongodb-sharded
  repository: https://charts.bitnami.com/bitnami
  version: 9.1.0
- name: mcrouter
  repository: https://evryfs.github.io/helm-charts/
  version: 0.4.0
- name: redis-cluster
  repository: https://charts.bitnami.com/bitnami
  version: 11.2.1
- name: redis
  repository: https://charts.bitnami.com/bitnami
  version: 20.6.1
digest: sha256:0b30daef9e7e87bbf17aa69c4b192791c1e54875b630ed6e63af0dcfd9ef58c5
generated: "2025-01-28T12:26:29.197753038Z"
