dependencies:
- name: compose-post-service
  repository: ""
  version: 0.1.0
- name: home-timeline-redis
  repository: ""
  version: 0.1.0
- name: home-timeline-service
  repository: ""
  version: 0.1.0
- name: jaeger
  repository: ""
  version: 0.1.0
- name: media-service
  repository: ""
  version: 0.1.0
- name: media-mongodb
  repository: ""
  version: 0.1.0
- name: media-memcached
  repository: ""
  version: 0.1.0
- name: media-frontend
  repository: ""
  version: 0.1.0
- name: nginx-thrift
  repository: ""
  version: 0.1.0
- name: post-storage-memcached
  repository: ""
  version: 0.1.0
- name: post-storage-mongodb
  repository: ""
  version: 0.1.0
- name: post-storage-service
  repository: ""
  version: 0.1.0
- name: social-graph-mongodb
  repository: ""
  version: 0.1.0
- name: social-graph-redis
  repository: ""
  version: 0.1.0
- name: social-graph-service
  repository: ""
  version: 0.1.0
- name: text-service
  repository: ""
  version: 0.1.0
- name: unique-id-service
  repository: ""
  version: 0.1.0
- name: url-shorten-memcached
  repository: ""
  version: 0.1.0
- name: url-shorten-mongodb
  repository: ""
  version: 0.1.0
- name: url-shorten-service
  repository: ""
  version: 0.1.0
- name: user-memcached
  repository: ""
  version: 0.1.0
- name: user-mention-service
  repository: ""
  version: 0.1.0
- name: user-mongodb
  repository: ""
  version: 0.1.0
- name: user-service
  repository: ""
  version: 0.1.0
- name: user-timeline-mongodb
  repository: ""
  version: 0.1.0
- name: user-timeline-redis
  repository: ""
  version: 0.1.0
- name: user-timeline-service
  repository: ""
  version: 0.1.0
- name: mongodb-sharded
  repository: https://charts.bitnami.com/bitnami
  version: 9.0.2
- name: mcrouter
  repository: https://evryfs.github.io/helm-charts/
  version: 0.4.0
- name: redis-cluster
  repository: https://charts.bitnami.com/bitnami
  version: 11.0.6
- name: redis
  repository: https://charts.bitnami.com/bitnami
  version: 20.2.1
digest: sha256:c04eba6a8efd31c6d0e55996a7c654e430ba6d06ee407f020ee872c58f59df1f
generated: "2024-10-24T14:11:22.429677383+01:00"
