dependencies:
- name: compose-post-service
  repository: ""
  version: 0.1.0
- name: home-timeline-redis
  repository: ""
  version: 0.1.0
- name: home-timeline-service
  repository: ""
  version: 0.1.0
- name: jaeger
  repository: https://jaegertracing.github.io/helm-charts
  version: 3.3.3
- name: media-service
  repository: ""
  version: 0.1.0
- name: media-mongodb
  repository: ""
  version: 0.1.0
- name: media-memcached
  repository: ""
  version: 0.1.0
- name: media-frontend
  repository: ""
  version: 0.1.0
- name: nginx-thrift
  repository: ""
  version: 0.1.0
- name: post-storage-memcached
  repository: ""
  version: 0.1.0
- name: post-storage-mongodb
  repository: ""
  version: 0.1.0
- name: post-storage-service
  repository: ""
  version: 0.1.0
- name: social-graph-mongodb
  repository: ""
  version: 0.1.0
- name: social-graph-redis
  repository: ""
  version: 0.1.0
- name: social-graph-service
  repository: ""
  version: 0.1.0
- name: text-service
  repository: ""
  version: 0.1.0
- name: unique-id-service
  repository: ""
  version: 0.1.0
- name: url-shorten-memcached
  repository: ""
  version: 0.1.0
- name: url-shorten-mongodb
  repository: ""
  version: 0.1.0
- name: url-shorten-service
  repository: ""
  version: 0.1.0
- name: user-memcached
  repository: ""
  version: 0.1.0
- name: user-mention-service
  repository: ""
  version: 0.1.0
- name: user-mongodb
  repository: ""
  version: 0.1.0
- name: user-service
  repository: ""
  version: 0.1.0
- name: user-timeline-mongodb
  repository: ""
  version: 0.1.0
- name: user-timeline-redis
  repository: ""
  version: 0.1.0
- name: user-timeline-service
  repository: ""
  version: 0.1.0
- name: mongodb-sharded
  repository: https://charts.bitnami.com/bitnami
  version: 9.0.2
- name: mcrouter
  repository: https://evryfs.github.io/helm-charts/
  version: 0.4.0
- name: redis-cluster
  repository: https://charts.bitnami.com/bitnami
  version: 11.0.6
- name: redis
  repository: https://charts.bitnami.com/bitnami
  version: 20.2.1
digest: sha256:719cbad11e7ef54ef607f2b779afc72a4719df39931ed7272b2c6cd0c0d985ce
generated: "2024-12-04T12:30:29.608819487Z"
